
Microsoft Visual Studio Solution File, Format Version 12.00
# Visual Studio 2012
Project("{F184B08F-C81C-45F6-A57F-5ABD9991F28F}") = "TestGitHub01", "TestGitHub01\TestGitHub01.vbproj", "{C2A24E53-7E43-48E8-97FC-F3B94FE319CB}"
EndProject
Global
	GlobalSection(SolutionConfigurationPlatforms) = preSolution
		Debug|Any CPU = Debug|Any CPU
		Release|Any CPU = Release|Any CPU
	EndGlobalSection
	GlobalSection(ProjectConfigurationPlatforms) = postSolution
		{C2A24E53-7E43-48E8-97FC-F3B94FE319CB}.Debug|Any CPU.ActiveCfg = Debug|Any CPU
		{C2A24E53-7E43-48E8-97FC-F3B94FE319CB}.Debug|Any CPU.Build.0 = Debug|Any CPU
		{C2A24E53-7E43-48E8-97FC-F3B94FE319CB}.Release|Any CPU.ActiveCfg = Release|Any CPU
		{C2A24E53-7E43-48E8-97FC-F3B94FE319CB}.Release|Any CPU.Build.0 = Release|Any CPU
	EndGlobalSection
	GlobalSection(SolutionProperties) = preSolution
		HideSolutionNode = FALSE
	EndGlobalSection
EndGlobal
